<?xml version="1.0" encoding="utf-8"?>
<Project ToolsVersion="4.0" xmlns="http://schemas.microsoft.com/developer/msbuild/2003">
  <ItemGroup>
    <Filter Include="Source Files">
      <UniqueIdentifier>{4FC737F1-C7A5-4376-A066-2A32D752A2FF}</UniqueIdentifier>
      <Extensions>qml;cpp;c;cc;cxx;def;odl;idl;hpj;bat;asm;asmx</Extensions>
    </Filter>
    <Filter Include="Header Files">
      <UniqueIdentifier>{93995380-89BD-4b04-88EB-625FBE52EBFB}</UniqueIdentifier>
      <Extensions>h;hh;hpp;hxx;hm;inl;inc;xsd</Extensions>
    </Filter>
    <Filter Include="Resource Files">
      <UniqueIdentifier>{67DA6AB6-F800-4c08-8B7A-83BB121AAD01}</UniqueIdentifier>
      <Extensions>qrc;rc;ico;cur;bmp;dlg;rc2;rct;bin;rgs;gif;jpg;jpeg;jpe;resx;tiff;tif;png;wav;mfcribbon-ms</Extensions>
    </Filter>
    <Filter Include="Form Files">
      <UniqueIdentifier>{99349809-55BA-4b9d-BF79-8FDBB0286EB3}</UniqueIdentifier>
      <Extensions>ui</Extensions>
    </Filter>
    <Filter Include="Translation Files">
      <UniqueIdentifier>{639EADAA-A684-42e4-A9AD-28FC9BCB8F7C}</UniqueIdentifier>
      <Extensions>ts</Extensions>
    </Filter>
  </ItemGroup>
  <ItemGroup>
    <QtRcc Include="TennisDesktopApp.qrc">
      <Filter>Resource Files</Filter>
    </QtRcc>
    <QtUic Include="TennisDesktopApp.ui">
      <Filter>Form Files</Filter>
    </QtUic>
    <QtMoc Include="inc\TennisDesktopApp.h">
      <Filter>Header Files</Filter>
    </QtMoc>
    <ClCompile Include="src\TennisDesktopApp.cpp">
      <Filter>Source Files</Filter>
    </ClCompile>
    <QtRcc Include="Resource.qrc">
      <Filter>Resource Files</Filter>
    </QtRcc>
  </ItemGroup>
  <ItemGroup>
    <ClCompile Include="src\main.cpp">
      <Filter>Source Files</Filter>
    </ClCompile>
    <ClCompile Include="src\GUIController.cpp">
      <Filter>Source Files</Filter>
    </ClCompile>
    <ClCompile Include="src\AppController.cpp">
      <Filter>Source Files</Filter>
    </ClCompile>
    <ClCompile Include="src\GUIConfigurator.cpp">
      <Filter>Source Files</Filter>
    </ClCompile>
    <ClCompile Include="src\ProfileDialog.cpp">
      <Filter>Source Files</Filter>
    </ClCompile>
    <ClCompile Include="src\UpcomingMatch.cpp">
      <Filter>Source Files</Filter>
    </ClCompile>
    <ClCompile Include="src\Countdown.cpp">
      <Filter>Source Files</Filter>
    </ClCompile>
    <ClCompile Include="src\Set.cpp">
      <Filter>Source Files</Filter>
    </ClCompile>
    <ClCompile Include="src\Tournament.cpp">
      <Filter>Source Files</Filter>
    </ClCompile>
    <ClCompile Include="src\HomePage.cpp">
      <Filter>Source Files</Filter>
    </ClCompile>
    <ClCompile Include="src\StatisticsPage.cpp">
      <Filter>Source Files</Filter>
    </ClCompile>
    <ClCompile Include="src\AchievementsPage.cpp">
      <Filter>Source Files</Filter>
    </ClCompile>
    <ClCompile Include="src\HistoryPage.cpp">
      <Filter>Source Files</Filter>
    </ClCompile>
    <ClCompile Include="src\SQLiteDB.cpp">
      <Filter>Source Files</Filter>
    </ClCompile>
    <ClCompile Include="src\AddEditTournamentDialog.cpp">
      <Filter>Source Files</Filter>
    </ClCompile>
    <ClCompile Include="src\CreateTournamentDialog.cpp">
      <Filter>Source Files</Filter>
    </ClCompile>
    <ClCompile Include="src\DatabaseController.cpp">
      <Filter>Source Files</Filter>
    </ClCompile>
    <ClCompile Include="src\Organization.cpp">
      <Filter>Source Files</Filter>
    </ClCompile>
    <ClCompile Include="src\AddEditMatchDialog.cpp">
      <Filter>Source Files</Filter>
    </ClCompile>
    <ClCompile Include="src\AddDialog.cpp">
      <Filter>Source Files</Filter>
    </ClCompile>
    <ClCompile Include="src\SetScoreWidget.cpp">
      <Filter>Source Files</Filter>
    </ClCompile>
    <ClCompile Include="src\Score.cpp">
      <Filter>Source Files</Filter>
    </ClCompile>
    <ClCompile Include="src\Calendar.cpp">
      <Filter>Source Files</Filter>
    </ClCompile>
    <ClCompile Include="src\Match.cpp">
      <Filter>Source Files</Filter>
    </ClCompile>
  </ItemGroup>
  <ItemGroup>
    <ClInclude Include="inc\GUIController.h">
      <Filter>Header Files</Filter>
    </ClInclude>
    <ClInclude Include="inc\GUIConfigurator.h">
      <Filter>Header Files</Filter>
    </ClInclude>
    <ClInclude Include="inc\IGUIConfigurator.h">
      <Filter>Header Files</Filter>
    </ClInclude>
    <ClInclude Include="inc\IGUIController.h">
      <Filter>Header Files</Filter>
    </ClInclude>
    <ClInclude Include="inc\IQTComponent.h">
      <Filter>Header Files</Filter>
    </ClInclude>
    <ClInclude Include="inc\Countdown.h">
      <Filter>Header Files</Filter>
    </ClInclude>
    <ClInclude Include="inc\Set.h">
      <Filter>Header Files</Filter>
    </ClInclude>
    <ClInclude Include="inc\Tournament.h">
      <Filter>Header Files</Filter>
    </ClInclude>
    <ClInclude Include="inc\Season.h">
      <Filter>Header Files</Filter>
    </ClInclude>
    <ClInclude Include="inc\SQLiteDB.h">
      <Filter>Header Files</Filter>
    </ClInclude>
    <ClInclude Include="inc\Organization.h">
      <Filter>Header Files</Filter>
    </ClInclude>
    <ClInclude Include="inc\Config.h">
      <Filter>Header Files</Filter>
    </ClInclude>
    <ClInclude Include="inc\Score.h">
      <Filter>Header Files</Filter>
    </ClInclude>
    <ClInclude Include="inc\Match.h">
      <Filter>Header Files</Filter>
    </ClInclude>
  </ItemGroup>
  <ItemGroup>
    <QtMoc Include="inc\ProfileDialog.h">
      <Filter>Header Files</Filter>
    </QtMoc>
    <QtMoc Include="inc\UpcomingMatch.h">
      <Filter>Header Files</Filter>
    </QtMoc>
    <QtMoc Include="inc\HomePage.h">
      <Filter>Header Files</Filter>
    </QtMoc>
    <QtMoc Include="inc\StatisticsPage.h">
      <Filter>Header Files</Filter>
    </QtMoc>
    <QtMoc Include="inc\AchievementsPage.h">
      <Filter>Header Files</Filter>
    </QtMoc>
    <QtMoc Include="inc\HistoryPage.h">
      <Filter>Header Files</Filter>
    </QtMoc>
    <QtMoc Include="inc\AddEditTournamentDialog.h">
      <Filter>Header Files</Filter>
    </QtMoc>
    <QtMoc Include="inc\CreateTournamentDialog.h">
      <Filter>Header Files</Filter>
    </QtMoc>
    <QtMoc Include="inc\DatabaseController.h">
      <Filter>Header Files</Filter>
    </QtMoc>
    <QtMoc Include="inc\AppController.h">
      <Filter>Header Files</Filter>
    </QtMoc>
    <QtMoc Include="inc\AddEditMatchDialog.h">
      <Filter>Header Files</Filter>
    </QtMoc>
    <QtMoc Include="inc\AddDialog.h">
      <Filter>Header Files</Filter>
    </QtMoc>
    <QtMoc Include="inc\SetScoreWidget.h">
      <Filter>Header Files</Filter>
    </QtMoc>
    <QtMoc Include="inc\Calendar.h">
      <Filter>Header Files</Filter>
    </QtMoc>
  </ItemGroup>
  <ItemGroup>
    <QtUic Include="ProfileDialog.ui">
      <Filter>Form Files</Filter>
    </QtUic>
    <QtUic Include="UpcomingMatch.ui">
      <Filter>Form Files</Filter>
    </QtUic>
    <QtUic Include="HomePage.ui">
      <Filter>Form Files</Filter>
    </QtUic>
    <QtUic Include="StatisticsPage.ui">
      <Filter>Form Files</Filter>
    </QtUic>
    <QtUic Include="AchievementsPage.ui">
      <Filter>Form Files</Filter>
    </QtUic>
    <QtUic Include="HistoryPage.ui">
      <Filter>Form Files</Filter>
    </QtUic>
    <QtUic Include="AddEditTournamentDialog.ui">
      <Filter>Form Files</Filter>
    </QtUic>
    <QtUic Include="CreateTournamentDialog.ui">
      <Filter>Form Files</Filter>
    </QtUic>
    <QtUic Include="AddEditMatchDialog.ui">
      <Filter>Form Files</Filter>
    </QtUic>
    <QtUic Include="AddDialog.ui">
      <Filter>Form Files</Filter>
    </QtUic>
    <QtUic Include="SetScoreWidget.ui">
      <Filter>Form Files</Filter>
    </QtUic>
    <QtUic Include="Calendar.ui">
      <Filter>Form Files</Filter>
    </QtUic>
  </ItemGroup>
</Project>